// !$*UTF8*$!
{
	archiveVersion = 1;
	classes = {
	};
	objectVersion = 56;
	objects = {

/* Begin PBXBuildFile section */
		C76DBA9B2C70FDB600F52A78 /* MimicAppsSwiftUI.swift in Sources */ = {isa = PBXBuildFile; fileRef = C76DBA9A2C70FDB600F52A78 /* MimicAppsSwiftUI.swift */; };
		C76DBA9D2C70FDB600F52A78 /* ContentView.swift in Sources */ = {isa = PBXBuildFile; fileRef = C76DBA9C2C70FDB600F52A78 /* ContentView.swift */; };
		C76DBA9F2C70FDB700F52A78 /* Assets.xcassets in Resources */ = {isa = PBXBuildFile; fileRef = C76DBA9E2C70FDB700F52A78 /* Assets.xcassets */; };
		C76DBAA22C70FDB700F52A78 /* Preview Assets.xcassets in Resources */ = {isa = PBXBuildFile; fileRef = C76DBAA12C70FDB700F52A78 /* Preview Assets.xcassets */; };
		C76DBAAA2C70FEB300F52A78 /* SDWebImageSwiftUI in Frameworks */ = {isa = PBXBuildFile; productRef = C76DBAA92C70FEB300F52A78 /* SDWebImageSwiftUI */; };
		C76DBAAD2C70FF1C00F52A78 /* ImageLoaderView.swift in Sources */ = {isa = PBXBuildFile; fileRef = C76DBAAC2C70FF1C00F52A78 /* ImageLoaderView.swift */; };
		C76DBAAF2C70FFB000F52A78 /* Constants.swift in Sources */ = {isa = PBXBuildFile; fileRef = C76DBAAE2C70FFB000F52A78 /* Constants.swift */; };
		C76DBAB12C71028000F52A78 /* DatabaseHelper.swift in Sources */ = {isa = PBXBuildFile; fileRef = C76DBAB02C71028000F52A78 /* DatabaseHelper.swift */; };
		C76DBAB32C71070000F52A78 /* Product.swift in Sources */ = {isa = PBXBuildFile; fileRef = C76DBAB22C71070000F52A78 /* Product.swift */; };
		C76DBAB52C71070900F52A78 /* User.swift in Sources */ = {isa = PBXBuildFile; fileRef = C76DBAB42C71070900F52A78 /* User.swift */; };
		C76DBAB82C7109BB00F52A78 /* SwiftfulUI in Frameworks */ = {isa = PBXBuildFile; productRef = C76DBAB72C7109BB00F52A78 /* SwiftfulUI */; };
		C76DBABB2C7109E700F52A78 /* SwiftfulRouting in Frameworks */ = {isa = PBXBuildFile; productRef = C76DBABA2C7109E700F52A78 /* SwiftfulRouting */; };
/* End PBXBuildFile section */

/* Begin PBXFileReference section */
		C76DBA972C70FDB600F52A78 /* MimicAppsSwiftUI.app */ = {isa = PBXFileReference; explicitFileType = wrapper.application; includeInIndex = 0; path = MimicAppsSwiftUI.app; sourceTree = BUILT_PRODUCTS_DIR; };
		C76DBA9A2C70FDB600F52A78 /* MimicAppsSwiftUI.swift */ = {isa = PBXFileReference; lastKnownFileType = sourcecode.swift; path = MimicAppsSwiftUI.swift; sourceTree = "<group>"; };
		C76DBA9C2C70FDB600F52A78 /* ContentView.swift */ = {isa = PBXFileReference; lastKnownFileType = sourcecode.swift; path = ContentView.swift; sourceTree = "<group>"; };
		C76DBA9E2C70FDB700F52A78 /* Assets.xcassets */ = {isa = PBXFileReference; lastKnownFileType = folder.assetcatalog; path = Assets.xcassets; sourceTree = "<group>"; };
		C76DBAA12C70FDB700F52A78 /* Preview Assets.xcassets */ = {isa = PBXFileReference; lastKnownFileType = folder.assetcatalog; path = "Preview Assets.xcassets"; sourceTree = "<group>"; };
		C76DBAAC2C70FF1C00F52A78 /* ImageLoaderView.swift */ = {isa = PBXFileReference; lastKnownFileType = sourcecode.swift; path = ImageLoaderView.swift; sourceTree = "<group>"; };
		C76DBAAE2C70FFB000F52A78 /* Constants.swift */ = {isa = PBXFileReference; lastKnownFileType = sourcecode.swift; path = Constants.swift; sourceTree = "<group>"; };
		C76DBAB02C71028000F52A78 /* DatabaseHelper.swift */ = {isa = PBXFileReference; lastKnownFileType = sourcecode.swift; path = DatabaseHelper.swift; sourceTree = "<group>"; };
		C76DBAB22C71070000F52A78 /* Product.swift */ = {isa = PBXFileReference; lastKnownFileType = sourcecode.swift; path = Product.swift; sourceTree = "<group>"; };
		C76DBAB42C71070900F52A78 /* User.swift */ = {isa = PBXFileReference; lastKnownFileType = sourcecode.swift; path = User.swift; sourceTree = "<group>"; };
/* End PBXFileReference section */

/* Begin PBXFrameworksBuildPhase section */
		C76DBA942C70FDB600F52A78 /* Frameworks */ = {
			isa = PBXFrameworksBuildPhase;
			buildActionMask = 2147483647;
			files = (
				C76DBAB82C7109BB00F52A78 /* SwiftfulUI in Frameworks */,
				C76DBABB2C7109E700F52A78 /* SwiftfulRouting in Frameworks */,
				C76DBAAA2C70FEB300F52A78 /* SDWebImageSwiftUI in Frameworks */,
			);
			runOnlyForDeploymentPostprocessing = 0;
		};
/* End PBXFrameworksBuildPhase section */

/* Begin PBXGroup section */
		C76DBA8E2C70FDB600F52A78 = {
			isa = PBXGroup;
			children = (
				C76DBA992C70FDB600F52A78 /* MimicAppsSwiftUI */,
				C76DBA982C70FDB600F52A78 /* Products */,
			);
			sourceTree = "<group>";
		};
		C76DBA982C70FDB600F52A78 /* Products */ = {
			isa = PBXGroup;
			children = (
				C76DBA972C70FDB600F52A78 /* MimicAppsSwiftUI.app */,
			);
			name = Products;
			sourceTree = "<group>";
		};
		C76DBA992C70FDB600F52A78 /* MimicAppsSwiftUI */ = {
			isa = PBXGroup;
			children = (
				C76DBAAB2C70FEFE00F52A78 /* Shared */,
				C76DBA9A2C70FDB600F52A78 /* MimicAppsSwiftUI.swift */,
				C76DBA9C2C70FDB600F52A78 /* ContentView.swift */,
				C76DBA9E2C70FDB700F52A78 /* Assets.xcassets */,
				C76DBAA02C70FDB700F52A78 /* Preview Content */,
			);
			path = MimicAppsSwiftUI;
			sourceTree = "<group>";
		};
		C76DBAA02C70FDB700F52A78 /* Preview Content */ = {
			isa = PBXGroup;
			children = (
				C76DBAA12C70FDB700F52A78 /* Preview Assets.xcassets */,
			);
			path = "Preview Content";
			sourceTree = "<group>";
		};
		C76DBAAB2C70FEFE00F52A78 /* Shared */ = {
			isa = PBXGroup;
			children = (
				C76DBAAC2C70FF1C00F52A78 /* ImageLoaderView.swift */,
				C76DBAAE2C70FFB000F52A78 /* Constants.swift */,
				C76DBAB02C71028000F52A78 /* DatabaseHelper.swift */,
				C76DBAB22C71070000F52A78 /* Product.swift */,
				C76DBAB42C71070900F52A78 /* User.swift */,
			);
			path = Shared;
			sourceTree = "<group>";
		};
/* End PBXGroup section */

/* Begin PBXNativeTarget section */
		C76DBA962C70FDB600F52A78 /* MimicAppsSwiftUI */ = {
			isa = PBXNativeTarget;
			buildConfigurationList = C76DBAA52C70FDB700F52A78 /* Build configuration list for PBXNativeTarget "MimicAppsSwiftUI" */;
			buildPhases = (
				C76DBA932C70FDB600F52A78 /* Sources */,
				C76DBA942C70FDB600F52A78 /* Frameworks */,
				C76DBA952C70FDB600F52A78 /* Resources */,
			);
			buildRules = (
			);
			dependencies = (
			);
			name = MimicAppsSwiftUI;
			packageProductDependencies = (
				C76DBAA92C70FEB300F52A78 /* SDWebImageSwiftUI */,
				C76DBAB72C7109BB00F52A78 /* SwiftfulUI */,
				C76DBABA2C7109E700F52A78 /* SwiftfulRouting */,
			);
			productName = SwiftfulSwiftUIInPractice;
			productReference = C76DBA972C70FDB600F52A78 /* MimicAppsSwiftUI.app */;
			productType = "com.apple.product-type.application";
		};
/* End PBXNativeTarget section */

/* Begin PBXProject section */
		C76DBA8F2C70FDB600F52A78 /* Project object */ = {
			isa = PBXProject;
			attributes = {
				BuildIndependentTargetsInParallel = 1;
				LastSwiftUpdateCheck = 1540;
				LastUpgradeCheck = 1540;
				TargetAttributes = {
					C76DBA962C70FDB600F52A78 = {
						CreatedOnToolsVersion = 15.4;
					};
				};
			};
			buildConfigurationList = C76DBA922C70FDB600F52A78 /* Build configuration list for PBXProject "MimicAppsSwiftUI" */;
			compatibilityVersion = "Xcode 14.0";
			developmentRegion = en;
			hasScannedForEncodings = 0;
			knownRegions = (
				en,
				Base,
			);
			mainGroup = C76DBA8E2C70FDB600F52A78;
			packageReferences = (
				C76DBAA82C70FEB300F52A78 /* XCRemoteSwiftPackageReference "SDWebImageSwiftUI" */,
				C76DBAB62C7109BB00F52A78 /* XCRemoteSwiftPackageReference "SwiftfulUI" */,
				C76DBAB92C7109E700F52A78 /* XCRemoteSwiftPackageReference "SwiftfulRouting" */,
			);
			productRefGroup = C76DBA982C70FDB600F52A78 /* Products */;
			projectDirPath = "";
			projectRoot = "";
			targets = (
				C76DBA962C70FDB600F52A78 /* MimicAppsSwiftUI */,
			);
		};
/* End PBXProject section */

/* Begin PBXResourcesBuildPhase section */
		C76DBA952C70FDB600F52A78 /* Resources */ = {
			isa = PBXResourcesBuildPhase;
			buildActionMask = 2147483647;
			files = (
				C76DBAA22C70FDB700F52A78 /* Preview Assets.xcassets in Resources */,
				C76DBA9F2C70FDB700F52A78 /* Assets.xcassets in Resources */,
			);
			runOnlyForDeploymentPostprocessing = 0;
		};
/* End PBXResourcesBuildPhase section */

/* Begin PBXSourcesBuildPhase section */
		C76DBA932C70FDB600F52A78 /* Sources */ = {
			isa = PBXSourcesBuildPhase;
			buildActionMask = 2147483647;
			files = (
				C76DBAAD2C70FF1C00F52A78 /* ImageLoaderView.swift in Sources */,
				C76DBAB12C71028000F52A78 /* DatabaseHelper.swift in Sources */,
				C76DBA9D2C70FDB600F52A78 /* ContentView.swift in Sources */,
				C76DBA9B2C70FDB600F52A78 /* MimicAppsSwiftUI.swift in Sources */,
				C76DBAAF2C70FFB000F52A78 /* Constants.swift in Sources */,
				C76DBAB32C71070000F52A78 /* Product.swift in Sources */,
				C76DBAB52C71070900F52A78 /* User.swift in Sources */,
			);
			runOnlyForDeploymentPostprocessing = 0;
		};
/* End PBXSourcesBuildPhase section */

/* Begin XCBuildConfiguration section */
		C76DBAA32C70FDB700F52A78 /* Debug */ = {
			isa = XCBuildConfiguration;
			buildSettings = {
				ALWAYS_SEARCH_USER_PATHS = NO;
				ASSETCATALOG_COMPILER_GENERATE_SWIFT_ASSET_SYMBOL_EXTENSIONS = YES;
				CLANG_ANALYZER_NONNULL = YES;
				CLANG_ANALYZER_NUMBER_OBJECT_CONVERSION = YES_AGGRESSIVE;
				CLANG_CXX_LANGUAGE_STANDARD = "gnu++20";
				CLANG_ENABLE_MODULES = YES;
				CLANG_ENABLE_OBJC_ARC = YES;
				CLANG_ENABLE_OBJC_WEAK = YES;
				CLANG_WARN_BLOCK_CAPTURE_AUTORELEASING = YES;
				CLANG_WARN_BOOL_CONVERSION = YES;
				CLANG_WARN_COMMA = YES;
				CLANG_WARN_CONSTANT_CONVERSION = YES;
				CLANG_WARN_DEPRECATED_OBJC_IMPLEMENTATIONS = YES;
				CLANG_WARN_DIRECT_OBJC_ISA_USAGE = YES_ERROR;
				CLANG_WARN_DOCUMENTATION_COMMENTS = YES;
				CLANG_WARN_EMPTY_BODY = YES;
				CLANG_WARN_ENUM_CONVERSION = YES;
				CLANG_WARN_INFINITE_RECURSION = YES;
				CLANG_WARN_INT_CONVERSION = YES;
				CLANG_WARN_NON_LITERAL_NULL_CONVERSION = YES;
				CLANG_WARN_OBJC_IMPLICIT_RETAIN_SELF = YES;
				CLANG_WARN_OBJC_LITERAL_CONVERSION = YES;
				CLANG_WARN_OBJC_ROOT_CLASS = YES_ERROR;
				CLANG_WARN_QUOTED_INCLUDE_IN_FRAMEWORK_HEADER = YES;
				CLANG_WARN_RANGE_LOOP_ANALYSIS = YES;
				CLANG_WARN_STRICT_PROTOTYPES = YES;
				CLANG_WARN_SUSPICIOUS_MOVE = YES;
				CLANG_WARN_UNGUARDED_AVAILABILITY = YES_AGGRESSIVE;
				CLANG_WARN_UNREACHABLE_CODE = YES;
				CLANG_WARN__DUPLICATE_METHOD_MATCH = YES;
				COPY_PHASE_STRIP = NO;
				DEBUG_INFORMATION_FORMAT = dwarf;
				ENABLE_STRICT_OBJC_MSGSEND = YES;
				ENABLE_TESTABILITY = YES;
				ENABLE_USER_SCRIPT_SANDBOXING = YES;
				GCC_C_LANGUAGE_STANDARD = gnu17;
				GCC_DYNAMIC_NO_PIC = NO;
				GCC_NO_COMMON_BLOCKS = YES;
				GCC_OPTIMIZATION_LEVEL = 0;
				GCC_PREPROCESSOR_DEFINITIONS = (
					"DEBUG=1",
					"$(inherited)",
				);
				GCC_WARN_64_TO_32_BIT_CONVERSION = YES;
				GCC_WARN_ABOUT_RETURN_TYPE = YES_ERROR;
				GCC_WARN_UNDECLARED_SELECTOR = YES;
				GCC_WARN_UNINITIALIZED_AUTOS = YES_AGGRESSIVE;
				GCC_WARN_UNUSED_FUNCTION = YES;
				GCC_WARN_UNUSED_VARIABLE = YES;
				IPHONEOS_DEPLOYMENT_TARGET = 17.5;
				LOCALIZATION_PREFERS_STRING_CATALOGS = YES;
				MTL_ENABLE_DEBUG_INFO = INCLUDE_SOURCE;
				MTL_FAST_MATH = YES;
				ONLY_ACTIVE_ARCH = YES;
				SDKROOT = iphoneos;
				SWIFT_ACTIVE_COMPILATION_CONDITIONS = "DEBUG $(inherited)";
				SWIFT_OPTIMIZATION_LEVEL = "-Onone";
			};
			name = Debug;
		};
		C76DBAA42C70FDB700F52A78 /* Release */ = {
			isa = XCBuildConfiguration;
			buildSettings = {
				ALWAYS_SEARCH_USER_PATHS = NO;
				ASSETCATALOG_COMPILER_GENERATE_SWIFT_ASSET_SYMBOL_EXTENSIONS = YES;
				CLANG_ANALYZER_NONNULL = YES;
				CLANG_ANALYZER_NUMBER_OBJECT_CONVERSION = YES_AGGRESSIVE;
				CLANG_CXX_LANGUAGE_STANDARD = "gnu++20";
				CLANG_ENABLE_MODULES = YES;
				CLANG_ENABLE_OBJC_ARC = YES;
				CLANG_ENABLE_OBJC_WEAK = YES;
				CLANG_WARN_BLOCK_CAPTURE_AUTORELEASING = YES;
				CLANG_WARN_BOOL_CONVERSION = YES;
				CLANG_WARN_COMMA = YES;
				CLANG_WARN_CONSTANT_CONVERSION = YES;
				CLANG_WARN_DEPRECATED_OBJC_IMPLEMENTATIONS = YES;
				CLANG_WARN_DIRECT_OBJC_ISA_USAGE = YES_ERROR;
				CLANG_WARN_DOCUMENTATION_COMMENTS = YES;
				CLANG_WARN_EMPTY_BODY = YES;
				CLANG_WARN_ENUM_CONVERSION = YES;
				CLANG_WARN_INFINITE_RECURSION = YES;
				CLANG_WARN_INT_CONVERSION = YES;
				CLANG_WARN_NON_LITERAL_NULL_CONVERSION = YES;
				CLANG_WARN_OBJC_IMPLICIT_RETAIN_SELF = YES;
				CLANG_WARN_OBJC_LITERAL_CONVERSION = YES;
				CLANG_WARN_OBJC_ROOT_CLASS = YES_ERROR;
				CLANG_WARN_QUOTED_INCLUDE_IN_FRAMEWORK_HEADER = YES;
				CLANG_WARN_RANGE_LOOP_ANALYSIS = YES;
				CLANG_WARN_STRICT_PROTOTYPES = YES;
				CLANG_WARN_SUSPICIOUS_MOVE = YES;
				CLANG_WARN_UNGUARDED_AVAILABILITY = YES_AGGRESSIVE;
				CLANG_WARN_UNREACHABLE_CODE = YES;
				CLANG_WARN__DUPLICATE_METHOD_MATCH = YES;
				COPY_PHASE_STRIP = NO;
				DEBUG_INFORMATION_FORMAT = "dwarf-with-dsym";
				ENABLE_NS_ASSERTIONS = NO;
				ENABLE_STRICT_OBJC_MSGSEND = YES;
				ENABLE_USER_SCRIPT_SANDBOXING = YES;
				GCC_C_LANGUAGE_STANDARD = gnu17;
				GCC_NO_COMMON_BLOCKS = YES;
				GCC_WARN_64_TO_32_BIT_CONVERSION = YES;
				GCC_WARN_ABOUT_RETURN_TYPE = YES_ERROR;
				GCC_WARN_UNDECLARED_SELECTOR = YES;
				GCC_WARN_UNINITIALIZED_AUTOS = YES_AGGRESSIVE;
				GCC_WARN_UNUSED_FUNCTION = YES;
				GCC_WARN_UNUSED_VARIABLE = YES;
				IPHONEOS_DEPLOYMENT_TARGET = 17.5;
				LOCALIZATION_PREFERS_STRING_CATALOGS = YES;
				MTL_ENABLE_DEBUG_INFO = NO;
				MTL_FAST_MATH = YES;
				SDKROOT = iphoneos;
				SWIFT_COMPILATION_MODE = wholemodule;
				VALIDATE_PRODUCT = YES;
			};
			name = Release;
		};
		C76DBAA62C70FDB700F52A78 /* Debug */ = {
			isa = XCBuildConfiguration;
			buildSettings = {
				ASSETCATALOG_COMPILER_APPICON_NAME = AppIcon;
				ASSETCATALOG_COMPILER_GLOBAL_ACCENT_COLOR_NAME = AccentColor;
				CODE_SIGN_STYLE = Automatic;
				CURRENT_PROJECT_VERSION = 1;
				DEVELOPMENT_ASSET_PATHS = "\"SwiftfulSwiftUIInPractice/Preview Content\"";
				DEVELOPMENT_TEAM = 6T2N48T2SY;
				ENABLE_PREVIEWS = YES;
				GENERATE_INFOPLIST_FILE = YES;
				INFOPLIST_KEY_UIApplicationSceneManifest_Generation = YES;
				INFOPLIST_KEY_UIApplicationSupportsIndirectInputEvents = YES;
				INFOPLIST_KEY_UILaunchScreen_Generation = YES;
				INFOPLIST_KEY_UISupportedInterfaceOrientations_iPad = "UIInterfaceOrientationPortrait UIInterfaceOrientationPortraitUpsideDown UIInterfaceOrientationLandscapeLeft UIInterfaceOrientationLandscapeRight";
				INFOPLIST_KEY_UISupportedInterfaceOrientations_iPhone = "UIInterfaceOrientationPortrait UIInterfaceOrientationLandscapeLeft UIInterfaceOrientationLandscapeRight";
				LD_RUNPATH_SEARCH_PATHS = (
					"$(inherited)",
					"@executable_path/Frameworks",
				);
				MARKETING_VERSION = 1.0;
				PRODUCT_BUNDLE_IDENTIFIER = johnny.greco.SwiftfulSwiftUIInPractice;
				PRODUCT_NAME = "$(TARGET_NAME)";
				SWIFT_EMIT_LOC_STRINGS = YES;
				SWIFT_VERSION = 5.0;
				TARGETED_DEVICE_FAMILY = "1,2";
			};
			name = Debug;
		};
		C76DBAA72C70FDB700F52A78 /* Release */ = {
			isa = XCBuildConfiguration;
			buildSettings = {
				ASSETCATALOG_COMPILER_APPICON_NAME = AppIcon;
				ASSETCATALOG_COMPILER_GLOBAL_ACCENT_COLOR_NAME = AccentColor;
				CODE_SIGN_STYLE = Automatic;
				CURRENT_PROJECT_VERSION = 1;
				DEVELOPMENT_ASSET_PATHS = "\"SwiftfulSwiftUIInPractice/Preview Content\"";
				DEVELOPMENT_TEAM = 6T2N48T2SY;
				ENABLE_PREVIEWS = YES;
				GENERATE_INFOPLIST_FILE = YES;
				INFOPLIST_KEY_UIApplicationSceneManifest_Generation = YES;
				INFOPLIST_KEY_UIApplicationSupportsIndirectInputEvents = YES;
				INFOPLIST_KEY_UILaunchScreen_Generation = YES;
				INFOPLIST_KEY_UISupportedInterfaceOrientations_iPad = "UIInterfaceOrientationPortrait UIInterfaceOrientationPortraitUpsideDown UIInterfaceOrientationLandscapeLeft UIInterfaceOrientationLandscapeRight";
				INFOPLIST_KEY_UISupportedInterfaceOrientations_iPhone = "UIInterfaceOrientationPortrait UIInterfaceOrientationLandscapeLeft UIInterfaceOrientationLandscapeRight";
				LD_RUNPATH_SEARCH_PATHS = (
					"$(inherited)",
					"@executable_path/Frameworks",
				);
				MARKETING_VERSION = 1.0;
				PRODUCT_BUNDLE_IDENTIFIER = johnny.greco.SwiftfulSwiftUIInPractice;
				PRODUCT_NAME = "$(TARGET_NAME)";
				SWIFT_EMIT_LOC_STRINGS = YES;
				SWIFT_VERSION = 5.0;
				TARGETED_DEVICE_FAMILY = "1,2";
			};
			name = Release;
		};
/* End XCBuildConfiguration section */

/* Begin XCConfigurationList section */
		C76DBA922C70FDB600F52A78 /* Build configuration list for PBXProject "MimicAppsSwiftUI" */ = {
			isa = XCConfigurationList;
			buildConfigurations = (
				C76DBAA32C70FDB700F52A78 /* Debug */,
				C76DBAA42C70FDB700F52A78 /* Release */,
			);
			defaultConfigurationIsVisible = 0;
			defaultConfigurationName = Release;
		};
		C76DBAA52C70FDB700F52A78 /* Build configuration list for PBXNativeTarget "MimicAppsSwiftUI" */ = {
			isa = XCConfigurationList;
			buildConfigurations = (
				C76DBAA62C70FDB700F52A78 /* Debug */,
				C76DBAA72C70FDB700F52A78 /* Release */,
			);
			defaultConfigurationIsVisible = 0;
			defaultConfigurationName = Release;
		};
/* End XCConfigurationList section */

/* Begin XCRemoteSwiftPackageReference section */
		C76DBAA82C70FEB300F52A78 /* XCRemoteSwiftPackageReference "SDWebImageSwiftUI" */ = {
			isa = XCRemoteSwiftPackageReference;
			repositoryURL = "https://github.com/SDWebImage/SDWebImageSwiftUI.git";
			requirement = {
				kind = upToNextMajorVersion;
				minimumVersion = 3.1.1;
			};
		};
		C76DBAB62C7109BB00F52A78 /* XCRemoteSwiftPackageReference "SwiftfulUI" */ = {
			isa = XCRemoteSwiftPackageReference;
			repositoryURL = "https://github.com/SwiftfulThinking/SwiftfulUI.git";
			requirement = {
				kind = upToNextMajorVersion;
				minimumVersion = 1.2.0;
			};
		};
		C76DBAB92C7109E700F52A78 /* XCRemoteSwiftPackageReference "SwiftfulRouting" */ = {
			isa = XCRemoteSwiftPackageReference;
			repositoryURL = "https://github.com/SwiftfulThinking/SwiftfulRouting.git";
			requirement = {
				kind = upToNextMajorVersion;
				minimumVersion = 5.3.5;
			};
		};
/* End XCRemoteSwiftPackageReference section */

/* Begin XCSwiftPackageProductDependency section */
		C76DBAA92C70FEB300F52A78 /* SDWebImageSwiftUI */ = {
			isa = XCSwiftPackageProductDependency;
			package = C76DBAA82C70FEB300F52A78 /* XCRemoteSwiftPackageReference "SDWebImageSwiftUI" */;
			productName = SDWebImageSwiftUI;
		};
		C76DBAB72C7109BB00F52A78 /* SwiftfulUI */ = {
			isa = XCSwiftPackageProductDependency;
			package = C76DBAB62C7109BB00F52A78 /* XCRemoteSwiftPackageReference "SwiftfulUI" */;
			productName = SwiftfulUI;
		};
		C76DBABA2C7109E700F52A78 /* SwiftfulRouting */ = {
			isa = XCSwiftPackageProductDependency;
			package = C76DBAB92C7109E700F52A78 /* XCRemoteSwiftPackageReference "SwiftfulRouting" */;
			productName = SwiftfulRouting;
		};
/* End XCSwiftPackageProductDependency section */
	};
	rootObject = C76DBA8F2C70FDB600F52A78 /* Project object */;
}
